
Microsoft Visual Studio Solution File, Format Version 12.00
# Visual Studio 14
VisualStudioVersion = 14.0.22823.1
MinimumVisualStudioVersion = 10.0.40219.1
Project("{FAE04EC0-301F-11D3-BF4B-00C04F79EFBC}") = "RdClient.Windows", "RdClient.Windows\RdClient.Windows.csproj", "{A89F0E52-1E86-4D53-81F5-11237460A6E7}"
	ProjectSection(ProjectDependencies) = postProject
		{8B29C07C-36FE-466C-9244-9932AC815C45} = {8B29C07C-36FE-466C-9244-9932AC815C45}
	EndProjectSection
EndProject
Project("{FAE04EC0-301F-11D3-BF4B-00C04F79EFBC}") = "RdClient.Shared", "RdClient.Shared\RdClient.Shared.csproj", "{FF57219C-0E7B-4CD5-9E02-287CEA2D0D83}"
	ProjectSection(ProjectDependencies) = postProject
		{8B29C07C-36FE-466C-9244-9932AC815C45} = {8B29C07C-36FE-466C-9244-9932AC815C45}
	EndProjectSection
EndProject
Project("{FAE04EC0-301F-11D3-BF4B-00C04F79EFBC}") = "RdClient.Shared.Test", "RdClient.Shared.Test\RdClient.Shared.Test.csproj", "{9F4E7B07-FD91-4EE0-B177-F29A88B68F68}"
EndProject
Project("{FAE04EC0-301F-11D3-BF4B-00C04F79EFBC}") = "RdClient.Windows.Test", "RdClient.Windows.Test\RdClient.Windows.Test.csproj", "{504A48C8-C8EF-4DA7-B8B2-3DD664C93657}"
EndProject
Project("{8BC9CEB8-8B4A-11D0-8D11-00A0C91BC942}") = "RdClientCxHelpers", "RdClientCxHelpers\RdClientCxHelpers.vcxproj", "{8B29C07C-36FE-466C-9244-9932AC815C45}"
EndProject
Global
	GlobalSection(SolutionConfigurationPlatforms) = preSolution
		Debug|Any CPU = Debug|Any CPU
		Debug|ARM = Debug|ARM
		Debug|Mixed Platforms = Debug|Mixed Platforms
		Debug|x64 = Debug|x64
		Debug|x86 = Debug|x86
		Release|Any CPU = Release|Any CPU
		Release|ARM = Release|ARM
		Release|Mixed Platforms = Release|Mixed Platforms
		Release|x64 = Release|x64
		Release|x86 = Release|x86
	EndGlobalSection
	GlobalSection(ProjectConfigurationPlatforms) = postSolution
		{A89F0E52-1E86-4D53-81F5-11237460A6E7}.Debug|Any CPU.ActiveCfg = Debug|x86
		{A89F0E52-1E86-4D53-81F5-11237460A6E7}.Debug|ARM.ActiveCfg = Debug|ARM
		{A89F0E52-1E86-4D53-81F5-11237460A6E7}.Debug|ARM.Build.0 = Debug|ARM
		{A89F0E52-1E86-4D53-81F5-11237460A6E7}.Debug|ARM.Deploy.0 = Debug|ARM
		{A89F0E52-1E86-4D53-81F5-11237460A6E7}.Debug|Mixed Platforms.ActiveCfg = Debug|x86
		{A89F0E52-1E86-4D53-81F5-11237460A6E7}.Debug|Mixed Platforms.Build.0 = Debug|x86
		{A89F0E52-1E86-4D53-81F5-11237460A6E7}.Debug|Mixed Platforms.Deploy.0 = Debug|x86
		{A89F0E52-1E86-4D53-81F5-11237460A6E7}.Debug|x64.ActiveCfg = Debug|x86
		{A89F0E52-1E86-4D53-81F5-11237460A6E7}.Debug|x86.ActiveCfg = Debug|x86
		{A89F0E52-1E86-4D53-81F5-11237460A6E7}.Debug|x86.Build.0 = Debug|x86
		{A89F0E52-1E86-4D53-81F5-11237460A6E7}.Debug|x86.Deploy.0 = Debug|x86
		{A89F0E52-1E86-4D53-81F5-11237460A6E7}.Release|Any CPU.ActiveCfg = Release|x86
		{A89F0E52-1E86-4D53-81F5-11237460A6E7}.Release|ARM.ActiveCfg = Release|ARM
		{A89F0E52-1E86-4D53-81F5-11237460A6E7}.Release|ARM.Build.0 = Release|ARM
		{A89F0E52-1E86-4D53-81F5-11237460A6E7}.Release|ARM.Deploy.0 = Release|ARM
		{A89F0E52-1E86-4D53-81F5-11237460A6E7}.Release|Mixed Platforms.ActiveCfg = Release|x86
		{A89F0E52-1E86-4D53-81F5-11237460A6E7}.Release|Mixed Platforms.Build.0 = Release|x86
		{A89F0E52-1E86-4D53-81F5-11237460A6E7}.Release|Mixed Platforms.Deploy.0 = Release|x86
		{A89F0E52-1E86-4D53-81F5-11237460A6E7}.Release|x64.ActiveCfg = Release|x86
		{A89F0E52-1E86-4D53-81F5-11237460A6E7}.Release|x86.ActiveCfg = Release|x86
		{A89F0E52-1E86-4D53-81F5-11237460A6E7}.Release|x86.Build.0 = Release|x86
		{A89F0E52-1E86-4D53-81F5-11237460A6E7}.Release|x86.Deploy.0 = Release|x86
		{FF57219C-0E7B-4CD5-9E02-287CEA2D0D83}.Debug|Any CPU.ActiveCfg = Debug|Any CPU
		{FF57219C-0E7B-4CD5-9E02-287CEA2D0D83}.Debug|Any CPU.Build.0 = Debug|Any CPU
		{FF57219C-0E7B-4CD5-9E02-287CEA2D0D83}.Debug|ARM.ActiveCfg = Debug|ARM
		{FF57219C-0E7B-4CD5-9E02-287CEA2D0D83}.Debug|ARM.Build.0 = Debug|ARM
		{FF57219C-0E7B-4CD5-9E02-287CEA2D0D83}.Debug|Mixed Platforms.ActiveCfg = Debug|x86
		{FF57219C-0E7B-4CD5-9E02-287CEA2D0D83}.Debug|Mixed Platforms.Build.0 = Debug|x86
		{FF57219C-0E7B-4CD5-9E02-287CEA2D0D83}.Debug|x64.ActiveCfg = Debug|Any CPU
		{FF57219C-0E7B-4CD5-9E02-287CEA2D0D83}.Debug|x86.ActiveCfg = Debug|x86
		{FF57219C-0E7B-4CD5-9E02-287CEA2D0D83}.Debug|x86.Build.0 = Debug|x86
		{FF57219C-0E7B-4CD5-9E02-287CEA2D0D83}.Release|Any CPU.ActiveCfg = Release|Any CPU
		{FF57219C-0E7B-4CD5-9E02-287CEA2D0D83}.Release|Any CPU.Build.0 = Release|Any CPU
		{FF57219C-0E7B-4CD5-9E02-287CEA2D0D83}.Release|ARM.ActiveCfg = Release|ARM
		{FF57219C-0E7B-4CD5-9E02-287CEA2D0D83}.Release|ARM.Build.0 = Release|ARM
		{FF57219C-0E7B-4CD5-9E02-287CEA2D0D83}.Release|Mixed Platforms.ActiveCfg = Release|x86
		{FF57219C-0E7B-4CD5-9E02-287CEA2D0D83}.Release|Mixed Platforms.Build.0 = Release|x86
		{FF57219C-0E7B-4CD5-9E02-287CEA2D0D83}.Release|x64.ActiveCfg = Release|Any CPU
		{FF57219C-0E7B-4CD5-9E02-287CEA2D0D83}.Release|x86.ActiveCfg = Release|x86
		{FF57219C-0E7B-4CD5-9E02-287CEA2D0D83}.Release|x86.Build.0 = Release|x86
		{9F4E7B07-FD91-4EE0-B177-F29A88B68F68}.Debug|Any CPU.ActiveCfg = Debug|Any CPU
		{9F4E7B07-FD91-4EE0-B177-F29A88B68F68}.Debug|Any CPU.Build.0 = Debug|Any CPU
		{9F4E7B07-FD91-4EE0-B177-F29A88B68F68}.Debug|ARM.ActiveCfg = Debug|ARM
		{9F4E7B07-FD91-4EE0-B177-F29A88B68F68}.Debug|ARM.Build.0 = Debug|ARM
		{9F4E7B07-FD91-4EE0-B177-F29A88B68F68}.Debug|ARM.Deploy.0 = Debug|ARM
		{9F4E7B07-FD91-4EE0-B177-F29A88B68F68}.Debug|Mixed Platforms.ActiveCfg = Debug|x86
		{9F4E7B07-FD91-4EE0-B177-F29A88B68F68}.Debug|Mixed Platforms.Build.0 = Debug|x86
		{9F4E7B07-FD91-4EE0-B177-F29A88B68F68}.Debug|x64.ActiveCfg = Debug|Any CPU
		{9F4E7B07-FD91-4EE0-B177-F29A88B68F68}.Debug|x86.ActiveCfg = Debug|x86
		{9F4E7B07-FD91-4EE0-B177-F29A88B68F68}.Debug|x86.Build.0 = Debug|x86
		{9F4E7B07-FD91-4EE0-B177-F29A88B68F68}.Debug|x86.Deploy.0 = Debug|x86
		{9F4E7B07-FD91-4EE0-B177-F29A88B68F68}.Release|Any CPU.ActiveCfg = Release|Any CPU
		{9F4E7B07-FD91-4EE0-B177-F29A88B68F68}.Release|Any CPU.Build.0 = Release|Any CPU
		{9F4E7B07-FD91-4EE0-B177-F29A88B68F68}.Release|ARM.ActiveCfg = Release|ARM
		{9F4E7B07-FD91-4EE0-B177-F29A88B68F68}.Release|Mixed Platforms.ActiveCfg = Release|x86
		{9F4E7B07-FD91-4EE0-B177-F29A88B68F68}.Release|Mixed Platforms.Build.0 = Release|x86
		{9F4E7B07-FD91-4EE0-B177-F29A88B68F68}.Release|x64.ActiveCfg = Release|Any CPU
		{9F4E7B07-FD91-4EE0-B177-F29A88B68F68}.Release|x86.ActiveCfg = Release|x86
		{504A48C8-C8EF-4DA7-B8B2-3DD664C93657}.Debug|Any CPU.ActiveCfg = Debug|Any CPU
		{504A48C8-C8EF-4DA7-B8B2-3DD664C93657}.Debug|Any CPU.Build.0 = Debug|Any CPU
		{504A48C8-C8EF-4DA7-B8B2-3DD664C93657}.Debug|Any CPU.Deploy.0 = Debug|Any CPU
		{504A48C8-C8EF-4DA7-B8B2-3DD664C93657}.Debug|ARM.ActiveCfg = Debug|ARM
		{504A48C8-C8EF-4DA7-B8B2-3DD664C93657}.Debug|ARM.Build.0 = Debug|ARM
		{504A48C8-C8EF-4DA7-B8B2-3DD664C93657}.Debug|ARM.Deploy.0 = Debug|ARM
		{504A48C8-C8EF-4DA7-B8B2-3DD664C93657}.Debug|Mixed Platforms.ActiveCfg = Debug|x86
		{504A48C8-C8EF-4DA7-B8B2-3DD664C93657}.Debug|Mixed Platforms.Build.0 = Debug|x86
		{504A48C8-C8EF-4DA7-B8B2-3DD664C93657}.Debug|Mixed Platforms.Deploy.0 = Debug|x86
		{504A48C8-C8EF-4DA7-B8B2-3DD664C93657}.Debug|x64.ActiveCfg = Debug|x64
		{504A48C8-C8EF-4DA7-B8B2-3DD664C93657}.Debug|x64.Build.0 = Debug|x64
		{504A48C8-C8EF-4DA7-B8B2-3DD664C93657}.Debug|x64.Deploy.0 = Debug|x64
		{504A48C8-C8EF-4DA7-B8B2-3DD664C93657}.Debug|x86.ActiveCfg = Debug|x86
		{504A48C8-C8EF-4DA7-B8B2-3DD664C93657}.Debug|x86.Build.0 = Debug|x86
		{504A48C8-C8EF-4DA7-B8B2-3DD664C93657}.Debug|x86.Deploy.0 = Debug|x86
		{504A48C8-C8EF-4DA7-B8B2-3DD664C93657}.Release|Any CPU.ActiveCfg = Release|Any CPU
		{504A48C8-C8EF-4DA7-B8B2-3DD664C93657}.Release|Any CPU.Build.0 = Release|Any CPU
		{504A48C8-C8EF-4DA7-B8B2-3DD664C93657}.Release|Any CPU.Deploy.0 = Release|Any CPU
		{504A48C8-C8EF-4DA7-B8B2-3DD664C93657}.Release|ARM.ActiveCfg = Release|ARM
		{504A48C8-C8EF-4DA7-B8B2-3DD664C93657}.Release|Mixed Platforms.ActiveCfg = Release|x86
		{504A48C8-C8EF-4DA7-B8B2-3DD664C93657}.Release|Mixed Platforms.Build.0 = Release|x86
		{504A48C8-C8EF-4DA7-B8B2-3DD664C93657}.Release|Mixed Platforms.Deploy.0 = Release|x86
		{504A48C8-C8EF-4DA7-B8B2-3DD664C93657}.Release|x64.ActiveCfg = Release|x64
		{504A48C8-C8EF-4DA7-B8B2-3DD664C93657}.Release|x64.Build.0 = Release|x64
		{504A48C8-C8EF-4DA7-B8B2-3DD664C93657}.Release|x64.Deploy.0 = Release|x64
		{504A48C8-C8EF-4DA7-B8B2-3DD664C93657}.Release|x86.ActiveCfg = Release|x86
		{8B29C07C-36FE-466C-9244-9932AC815C45}.Debug|Any CPU.ActiveCfg = Debug|Win32
		{8B29C07C-36FE-466C-9244-9932AC815C45}.Debug|ARM.ActiveCfg = Debug|ARM
		{8B29C07C-36FE-466C-9244-9932AC815C45}.Debug|ARM.Build.0 = Debug|ARM
		{8B29C07C-36FE-466C-9244-9932AC815C45}.Debug|Mixed Platforms.ActiveCfg = Debug|Win32
		{8B29C07C-36FE-466C-9244-9932AC815C45}.Debug|Mixed Platforms.Build.0 = Debug|Win32
		{8B29C07C-36FE-466C-9244-9932AC815C45}.Debug|x64.ActiveCfg = Debug|x64
		{8B29C07C-36FE-466C-9244-9932AC815C45}.Debug|x64.Build.0 = Debug|x64
		{8B29C07C-36FE-466C-9244-9932AC815C45}.Debug|x86.ActiveCfg = Debug|Win32
		{8B29C07C-36FE-466C-9244-9932AC815C45}.Debug|x86.Build.0 = Debug|Win32
		{8B29C07C-36FE-466C-9244-9932AC815C45}.Release|Any CPU.ActiveCfg = Release|Win32
		{8B29C07C-36FE-466C-9244-9932AC815C45}.Release|ARM.ActiveCfg = Release|ARM
		{8B29C07C-36FE-466C-9244-9932AC815C45}.Release|ARM.Build.0 = Release|ARM
		{8B29C07C-36FE-466C-9244-9932AC815C45}.Release|Mixed Platforms.ActiveCfg = Release|Win32
		{8B29C07C-36FE-466C-9244-9932AC815C45}.Release|Mixed Platforms.Build.0 = Release|Win32
		{8B29C07C-36FE-466C-9244-9932AC815C45}.Release|x64.ActiveCfg = Release|x64
		{8B29C07C-36FE-466C-9244-9932AC815C45}.Release|x64.Build.0 = Release|x64
		{8B29C07C-36FE-466C-9244-9932AC815C45}.Release|x86.ActiveCfg = Release|Win32
		{8B29C07C-36FE-466C-9244-9932AC815C45}.Release|x86.Build.0 = Release|Win32
	EndGlobalSection
	GlobalSection(SolutionProperties) = preSolution
		HideSolutionNode = FALSE
	EndGlobalSection
EndGlobal
