
Microsoft Visual Studio Solution File, Format Version 12.00
# Visual Studio 2013
VisualStudioVersion = 12.0.30723.0
MinimumVisualStudioVersion = 10.0.40219.1
Project("{2150E333-8FDC-42A3-9474-1A3956D46DE8}") = "SimpleRDPConnection", "SimpleRDPConnection", "{69AD9126-7A19-4CC5-9A32-741A7A5472F5}"
EndProject
Project("{FAE04EC0-301F-11D3-BF4B-00C04F79EFBC}") = "SimpleRDPConnection.Windows", "SimpleRDPConnection\SimpleRDPConnection.Windows\SimpleRDPConnection.Windows.csproj", "{46799702-BA51-4C17-AF13-2DAF1AD25243}"
EndProject
Project("{FAE04EC0-301F-11D3-BF4B-00C04F79EFBC}") = "SimpleRDPConnection.WindowsPhone", "SimpleRDPConnection\SimpleRDPConnection.WindowsPhone\SimpleRDPConnection.WindowsPhone.csproj", "{EED8A643-0DA9-45FC-BDBE-EF9D35A2A903}"
EndProject
Project("{FAE04EC0-301F-11D3-BF4B-00C04F79EFBC}") = "SimpleRDPConnection.Shared", "SimpleRDPConnection.Shared\SimpleRDPConnection.Shared.csproj", "{5275D082-C2DA-4384-AE8D-73671B6F25F2}"
EndProject
Project("{FAE04EC0-301F-11D3-BF4B-00C04F79EFBC}") = "SimpleRDPConnection.Test", "SimpleRDPConnection.Test\SimpleRDPConnection.Test.csproj", "{8F25C6D0-32D7-4422-B970-E77676D1085C}"
EndProject
Global
	GlobalSection(SolutionConfigurationPlatforms) = preSolution
		Debug|Any CPU = Debug|Any CPU
		Debug|ARM = Debug|ARM
		Debug|x64 = Debug|x64
		Debug|x86 = Debug|x86
		Release|Any CPU = Release|Any CPU
		Release|ARM = Release|ARM
		Release|x64 = Release|x64
		Release|x86 = Release|x86
	EndGlobalSection
	GlobalSection(ProjectConfigurationPlatforms) = postSolution
		{46799702-BA51-4C17-AF13-2DAF1AD25243}.Debug|Any CPU.ActiveCfg = Debug|Any CPU
		{46799702-BA51-4C17-AF13-2DAF1AD25243}.Debug|Any CPU.Build.0 = Debug|Any CPU
		{46799702-BA51-4C17-AF13-2DAF1AD25243}.Debug|Any CPU.Deploy.0 = Debug|Any CPU
		{46799702-BA51-4C17-AF13-2DAF1AD25243}.Debug|ARM.ActiveCfg = Debug|ARM
		{46799702-BA51-4C17-AF13-2DAF1AD25243}.Debug|ARM.Build.0 = Debug|ARM
		{46799702-BA51-4C17-AF13-2DAF1AD25243}.Debug|ARM.Deploy.0 = Debug|ARM
		{46799702-BA51-4C17-AF13-2DAF1AD25243}.Debug|x64.ActiveCfg = Debug|x64
		{46799702-BA51-4C17-AF13-2DAF1AD25243}.Debug|x64.Build.0 = Debug|x64
		{46799702-BA51-4C17-AF13-2DAF1AD25243}.Debug|x64.Deploy.0 = Debug|x64
		{46799702-BA51-4C17-AF13-2DAF1AD25243}.Debug|x86.ActiveCfg = Debug|x86
		{46799702-BA51-4C17-AF13-2DAF1AD25243}.Debug|x86.Build.0 = Debug|x86
		{46799702-BA51-4C17-AF13-2DAF1AD25243}.Debug|x86.Deploy.0 = Debug|x86
		{46799702-BA51-4C17-AF13-2DAF1AD25243}.Release|Any CPU.ActiveCfg = Release|Any CPU
		{46799702-BA51-4C17-AF13-2DAF1AD25243}.Release|Any CPU.Build.0 = Release|Any CPU
		{46799702-BA51-4C17-AF13-2DAF1AD25243}.Release|Any CPU.Deploy.0 = Release|Any CPU
		{46799702-BA51-4C17-AF13-2DAF1AD25243}.Release|ARM.ActiveCfg = Release|ARM
		{46799702-BA51-4C17-AF13-2DAF1AD25243}.Release|ARM.Build.0 = Release|ARM
		{46799702-BA51-4C17-AF13-2DAF1AD25243}.Release|ARM.Deploy.0 = Release|ARM
		{46799702-BA51-4C17-AF13-2DAF1AD25243}.Release|x64.ActiveCfg = Release|x64
		{46799702-BA51-4C17-AF13-2DAF1AD25243}.Release|x64.Build.0 = Release|x64
		{46799702-BA51-4C17-AF13-2DAF1AD25243}.Release|x64.Deploy.0 = Release|x64
		{46799702-BA51-4C17-AF13-2DAF1AD25243}.Release|x86.ActiveCfg = Release|x86
		{46799702-BA51-4C17-AF13-2DAF1AD25243}.Release|x86.Build.0 = Release|x86
		{46799702-BA51-4C17-AF13-2DAF1AD25243}.Release|x86.Deploy.0 = Release|x86
		{EED8A643-0DA9-45FC-BDBE-EF9D35A2A903}.Debug|Any CPU.ActiveCfg = Debug|Any CPU
		{EED8A643-0DA9-45FC-BDBE-EF9D35A2A903}.Debug|Any CPU.Build.0 = Debug|Any CPU
		{EED8A643-0DA9-45FC-BDBE-EF9D35A2A903}.Debug|Any CPU.Deploy.0 = Debug|Any CPU
		{EED8A643-0DA9-45FC-BDBE-EF9D35A2A903}.Debug|ARM.ActiveCfg = Debug|ARM
		{EED8A643-0DA9-45FC-BDBE-EF9D35A2A903}.Debug|ARM.Build.0 = Debug|ARM
		{EED8A643-0DA9-45FC-BDBE-EF9D35A2A903}.Debug|ARM.Deploy.0 = Debug|ARM
		{EED8A643-0DA9-45FC-BDBE-EF9D35A2A903}.Debug|x64.ActiveCfg = Debug|Any CPU
		{EED8A643-0DA9-45FC-BDBE-EF9D35A2A903}.Debug|x86.ActiveCfg = Debug|x86
		{EED8A643-0DA9-45FC-BDBE-EF9D35A2A903}.Debug|x86.Build.0 = Debug|x86
		{EED8A643-0DA9-45FC-BDBE-EF9D35A2A903}.Debug|x86.Deploy.0 = Debug|x86
		{EED8A643-0DA9-45FC-BDBE-EF9D35A2A903}.Release|Any CPU.ActiveCfg = Release|Any CPU
		{EED8A643-0DA9-45FC-BDBE-EF9D35A2A903}.Release|Any CPU.Build.0 = Release|Any CPU
		{EED8A643-0DA9-45FC-BDBE-EF9D35A2A903}.Release|Any CPU.Deploy.0 = Release|Any CPU
		{EED8A643-0DA9-45FC-BDBE-EF9D35A2A903}.Release|ARM.ActiveCfg = Release|ARM
		{EED8A643-0DA9-45FC-BDBE-EF9D35A2A903}.Release|ARM.Build.0 = Release|ARM
		{EED8A643-0DA9-45FC-BDBE-EF9D35A2A903}.Release|ARM.Deploy.0 = Release|ARM
		{EED8A643-0DA9-45FC-BDBE-EF9D35A2A903}.Release|x64.ActiveCfg = Release|Any CPU
		{EED8A643-0DA9-45FC-BDBE-EF9D35A2A903}.Release|x86.ActiveCfg = Release|x86
		{EED8A643-0DA9-45FC-BDBE-EF9D35A2A903}.Release|x86.Build.0 = Release|x86
		{EED8A643-0DA9-45FC-BDBE-EF9D35A2A903}.Release|x86.Deploy.0 = Release|x86
		{5275D082-C2DA-4384-AE8D-73671B6F25F2}.Debug|Any CPU.ActiveCfg = Debug|Any CPU
		{5275D082-C2DA-4384-AE8D-73671B6F25F2}.Debug|Any CPU.Build.0 = Debug|Any CPU
		{5275D082-C2DA-4384-AE8D-73671B6F25F2}.Debug|ARM.ActiveCfg = Debug|Any CPU
		{5275D082-C2DA-4384-AE8D-73671B6F25F2}.Debug|x64.ActiveCfg = Debug|Any CPU
		{5275D082-C2DA-4384-AE8D-73671B6F25F2}.Debug|x86.ActiveCfg = Debug|Any CPU
		{5275D082-C2DA-4384-AE8D-73671B6F25F2}.Release|Any CPU.ActiveCfg = Release|Any CPU
		{5275D082-C2DA-4384-AE8D-73671B6F25F2}.Release|Any CPU.Build.0 = Release|Any CPU
		{5275D082-C2DA-4384-AE8D-73671B6F25F2}.Release|ARM.ActiveCfg = Release|Any CPU
		{5275D082-C2DA-4384-AE8D-73671B6F25F2}.Release|x64.ActiveCfg = Release|Any CPU
		{5275D082-C2DA-4384-AE8D-73671B6F25F2}.Release|x86.ActiveCfg = Release|Any CPU
		{8F25C6D0-32D7-4422-B970-E77676D1085C}.Debug|Any CPU.ActiveCfg = Debug|Any CPU
		{8F25C6D0-32D7-4422-B970-E77676D1085C}.Debug|Any CPU.Build.0 = Debug|Any CPU
		{8F25C6D0-32D7-4422-B970-E77676D1085C}.Debug|ARM.ActiveCfg = Debug|Any CPU
		{8F25C6D0-32D7-4422-B970-E77676D1085C}.Debug|x64.ActiveCfg = Debug|Any CPU
		{8F25C6D0-32D7-4422-B970-E77676D1085C}.Debug|x86.ActiveCfg = Debug|Any CPU
		{8F25C6D0-32D7-4422-B970-E77676D1085C}.Release|Any CPU.ActiveCfg = Release|Any CPU
		{8F25C6D0-32D7-4422-B970-E77676D1085C}.Release|Any CPU.Build.0 = Release|Any CPU
		{8F25C6D0-32D7-4422-B970-E77676D1085C}.Release|ARM.ActiveCfg = Release|Any CPU
		{8F25C6D0-32D7-4422-B970-E77676D1085C}.Release|x64.ActiveCfg = Release|Any CPU
		{8F25C6D0-32D7-4422-B970-E77676D1085C}.Release|x86.ActiveCfg = Release|Any CPU
	EndGlobalSection
	GlobalSection(SolutionProperties) = preSolution
		HideSolutionNode = FALSE
	EndGlobalSection
	GlobalSection(NestedProjects) = preSolution
		{46799702-BA51-4C17-AF13-2DAF1AD25243} = {69AD9126-7A19-4CC5-9A32-741A7A5472F5}
		{EED8A643-0DA9-45FC-BDBE-EF9D35A2A903} = {69AD9126-7A19-4CC5-9A32-741A7A5472F5}
		{5275D082-C2DA-4384-AE8D-73671B6F25F2} = {69AD9126-7A19-4CC5-9A32-741A7A5472F5}
		{8F25C6D0-32D7-4422-B970-E77676D1085C} = {69AD9126-7A19-4CC5-9A32-741A7A5472F5}
	EndGlobalSection
EndGlobal
