
Microsoft Visual Studio Solution File, Format Version 12.00
# Visual Studio 14
VisualStudioVersion = 14.0.22823.1
MinimumVisualStudioVersion = 10.0.40219.1
Project("{FAE04EC0-301F-11D3-BF4B-00C04F79EFBC}") = "AlgoLibrary", "AlgoLibrary\AlgoLibrary.csproj", "{BE1FAC57-A4B5-4771-BE09-E892B2F344B2}"
EndProject
Project("{FAE04EC0-301F-11D3-BF4B-00C04F79EFBC}") = "AlgoUnitTests", "UnitTestProject1\AlgoUnitTests.csproj", "{D28A06DB-1025-4258-BE85-A0E5F6912D29}"
	ProjectSection(ProjectDependencies) = postProject
		{85E3F8AB-8434-4470-8232-DAADCDCC573F} = {85E3F8AB-8434-4470-8232-DAADCDCC573F}
	EndProjectSection
EndProject
Project("{8BC9CEB8-8B4A-11D0-8D11-00A0C91BC942}") = "AlgoWin32", "AlgoWin32\AlgoWin32.vcxproj", "{85E3F8AB-8434-4470-8232-DAADCDCC573F}"
EndProject
Project("{8BC9CEB8-8B4A-11D0-8D11-00A0C91BC942}") = "AlgoCTest", "AlgoCTest\AlgoCTest.vcxproj", "{105D618A-AEEB-4848-8B11-08FDEA2A7D69}"
EndProject
Global
	GlobalSection(SolutionConfigurationPlatforms) = preSolution
		Debug|Any CPU = Debug|Any CPU
		Debug|ARM = Debug|ARM
		Debug|x64 = Debug|x64
		Debug|x86 = Debug|x86
		Release|Any CPU = Release|Any CPU
		Release|ARM = Release|ARM
		Release|x64 = Release|x64
		Release|x86 = Release|x86
	EndGlobalSection
	GlobalSection(ProjectConfigurationPlatforms) = postSolution
		{BE1FAC57-A4B5-4771-BE09-E892B2F344B2}.Debug|Any CPU.ActiveCfg = Debug|Any CPU
		{BE1FAC57-A4B5-4771-BE09-E892B2F344B2}.Debug|Any CPU.Build.0 = Debug|Any CPU
		{BE1FAC57-A4B5-4771-BE09-E892B2F344B2}.Debug|ARM.ActiveCfg = Debug|Any CPU
		{BE1FAC57-A4B5-4771-BE09-E892B2F344B2}.Debug|ARM.Build.0 = Debug|Any CPU
		{BE1FAC57-A4B5-4771-BE09-E892B2F344B2}.Debug|x64.ActiveCfg = Debug|Any CPU
		{BE1FAC57-A4B5-4771-BE09-E892B2F344B2}.Debug|x64.Build.0 = Debug|Any CPU
		{BE1FAC57-A4B5-4771-BE09-E892B2F344B2}.Debug|x86.ActiveCfg = Debug|Any CPU
		{BE1FAC57-A4B5-4771-BE09-E892B2F344B2}.Debug|x86.Build.0 = Debug|Any CPU
		{BE1FAC57-A4B5-4771-BE09-E892B2F344B2}.Release|Any CPU.ActiveCfg = Release|Any CPU
		{BE1FAC57-A4B5-4771-BE09-E892B2F344B2}.Release|Any CPU.Build.0 = Release|Any CPU
		{BE1FAC57-A4B5-4771-BE09-E892B2F344B2}.Release|ARM.ActiveCfg = Release|Any CPU
		{BE1FAC57-A4B5-4771-BE09-E892B2F344B2}.Release|ARM.Build.0 = Release|Any CPU
		{BE1FAC57-A4B5-4771-BE09-E892B2F344B2}.Release|x64.ActiveCfg = Release|Any CPU
		{BE1FAC57-A4B5-4771-BE09-E892B2F344B2}.Release|x64.Build.0 = Release|Any CPU
		{BE1FAC57-A4B5-4771-BE09-E892B2F344B2}.Release|x86.ActiveCfg = Release|Any CPU
		{BE1FAC57-A4B5-4771-BE09-E892B2F344B2}.Release|x86.Build.0 = Release|Any CPU
		{D28A06DB-1025-4258-BE85-A0E5F6912D29}.Debug|Any CPU.ActiveCfg = Debug|Any CPU
		{D28A06DB-1025-4258-BE85-A0E5F6912D29}.Debug|Any CPU.Build.0 = Debug|Any CPU
		{D28A06DB-1025-4258-BE85-A0E5F6912D29}.Debug|ARM.ActiveCfg = Debug|Any CPU
		{D28A06DB-1025-4258-BE85-A0E5F6912D29}.Debug|ARM.Build.0 = Debug|Any CPU
		{D28A06DB-1025-4258-BE85-A0E5F6912D29}.Debug|x64.ActiveCfg = Debug|Any CPU
		{D28A06DB-1025-4258-BE85-A0E5F6912D29}.Debug|x64.Build.0 = Debug|Any CPU
		{D28A06DB-1025-4258-BE85-A0E5F6912D29}.Debug|x86.ActiveCfg = Debug|Any CPU
		{D28A06DB-1025-4258-BE85-A0E5F6912D29}.Debug|x86.Build.0 = Debug|Any CPU
		{D28A06DB-1025-4258-BE85-A0E5F6912D29}.Release|Any CPU.ActiveCfg = Release|Any CPU
		{D28A06DB-1025-4258-BE85-A0E5F6912D29}.Release|Any CPU.Build.0 = Release|Any CPU
		{D28A06DB-1025-4258-BE85-A0E5F6912D29}.Release|ARM.ActiveCfg = Release|Any CPU
		{D28A06DB-1025-4258-BE85-A0E5F6912D29}.Release|ARM.Build.0 = Release|Any CPU
		{D28A06DB-1025-4258-BE85-A0E5F6912D29}.Release|x64.ActiveCfg = Release|Any CPU
		{D28A06DB-1025-4258-BE85-A0E5F6912D29}.Release|x64.Build.0 = Release|Any CPU
		{D28A06DB-1025-4258-BE85-A0E5F6912D29}.Release|x86.ActiveCfg = Release|Any CPU
		{D28A06DB-1025-4258-BE85-A0E5F6912D29}.Release|x86.Build.0 = Release|Any CPU
		{85E3F8AB-8434-4470-8232-DAADCDCC573F}.Debug|Any CPU.ActiveCfg = Debug|Win32
		{85E3F8AB-8434-4470-8232-DAADCDCC573F}.Debug|ARM.ActiveCfg = Debug|Win32
		{85E3F8AB-8434-4470-8232-DAADCDCC573F}.Debug|x64.ActiveCfg = Debug|Win32
		{85E3F8AB-8434-4470-8232-DAADCDCC573F}.Debug|x86.ActiveCfg = Debug|Win32
		{85E3F8AB-8434-4470-8232-DAADCDCC573F}.Debug|x86.Build.0 = Debug|Win32
		{85E3F8AB-8434-4470-8232-DAADCDCC573F}.Release|Any CPU.ActiveCfg = Release|Win32
		{85E3F8AB-8434-4470-8232-DAADCDCC573F}.Release|ARM.ActiveCfg = Release|Win32
		{85E3F8AB-8434-4470-8232-DAADCDCC573F}.Release|x64.ActiveCfg = Release|Win32
		{85E3F8AB-8434-4470-8232-DAADCDCC573F}.Release|x86.ActiveCfg = Release|Win32
		{85E3F8AB-8434-4470-8232-DAADCDCC573F}.Release|x86.Build.0 = Release|Win32
		{105D618A-AEEB-4848-8B11-08FDEA2A7D69}.Debug|Any CPU.ActiveCfg = Debug|Win32
		{105D618A-AEEB-4848-8B11-08FDEA2A7D69}.Debug|ARM.ActiveCfg = Debug|Win32
		{105D618A-AEEB-4848-8B11-08FDEA2A7D69}.Debug|x64.ActiveCfg = Debug|Win32
		{105D618A-AEEB-4848-8B11-08FDEA2A7D69}.Debug|x86.ActiveCfg = Debug|Win32
		{105D618A-AEEB-4848-8B11-08FDEA2A7D69}.Debug|x86.Build.0 = Debug|Win32
		{105D618A-AEEB-4848-8B11-08FDEA2A7D69}.Release|Any CPU.ActiveCfg = Release|Win32
		{105D618A-AEEB-4848-8B11-08FDEA2A7D69}.Release|ARM.ActiveCfg = Release|Win32
		{105D618A-AEEB-4848-8B11-08FDEA2A7D69}.Release|x64.ActiveCfg = Release|Win32
		{105D618A-AEEB-4848-8B11-08FDEA2A7D69}.Release|x86.ActiveCfg = Release|Win32
		{105D618A-AEEB-4848-8B11-08FDEA2A7D69}.Release|x86.Build.0 = Release|Win32
	EndGlobalSection
	GlobalSection(SolutionProperties) = preSolution
		HideSolutionNode = FALSE
	EndGlobalSection
EndGlobal
